
Microsoft Visual Studio Solution File, Format Version 12.00
# Visual Studio Version 17
VisualStudioVersion = 17.9.34616.47
MinimumVisualStudioVersion = 10.0.40219.1
Project("{FAE04EC0-301F-11D3-BF4B-00C04F79EFBC}") = "eSettPruebatecnica", "eSettPruebatecnica\eSettPruebatecnica.csproj", "{DF87FD65-AA12-4916-B70D-8D64A7B8CF9D}"
EndProject
Project("{FAE04EC0-301F-11D3-BF4B-00C04F79EFBC}") = "eSettPruebatecnica.Application", "eSettPruebatecnica.Application\eSettPruebatecnica.Application.csproj", "{3DB8BA03-1B7D-4C46-9481-4892C217DBA0}"
EndProject
Project("{FAE04EC0-301F-11D3-BF4B-00C04F79EFBC}") = "eSettPruebatecnica.Domain", "eSettPruebatecnica.Domain\eSettPruebatecnica.Domain.csproj", "{6FF96BA9-557F-48AE-95EB-A56AC57B8B0B}"
EndProject
Project("{FAE04EC0-301F-11D3-BF4B-00C04F79EFBC}") = "eSettPruebatecnica.Infrastructure", "eSettPruebatecnica.Infrastructure\eSettPruebatecnica.Infrastructure.csproj", "{5A43D605-A025-40AA-A248-920F9FDB6475}"
EndProject
Global
	GlobalSection(SolutionConfigurationPlatforms) = preSolution
		Debug|Any CPU = Debug|Any CPU
		Release|Any CPU = Release|Any CPU
	EndGlobalSection
	GlobalSection(ProjectConfigurationPlatforms) = postSolution
		{DF87FD65-AA12-4916-B70D-8D64A7B8CF9D}.Debug|Any CPU.ActiveCfg = Debug|Any CPU
		{DF87FD65-AA12-4916-B70D-8D64A7B8CF9D}.Debug|Any CPU.Build.0 = Debug|Any CPU
		{DF87FD65-AA12-4916-B70D-8D64A7B8CF9D}.Release|Any CPU.ActiveCfg = Release|Any CPU
		{DF87FD65-AA12-4916-B70D-8D64A7B8CF9D}.Release|Any CPU.Build.0 = Release|Any CPU
		{3DB8BA03-1B7D-4C46-9481-4892C217DBA0}.Debug|Any CPU.ActiveCfg = Debug|Any CPU
		{3DB8BA03-1B7D-4C46-9481-4892C217DBA0}.Debug|Any CPU.Build.0 = Debug|Any CPU
		{3DB8BA03-1B7D-4C46-9481-4892C217DBA0}.Release|Any CPU.ActiveCfg = Release|Any CPU
		{3DB8BA03-1B7D-4C46-9481-4892C217DBA0}.Release|Any CPU.Build.0 = Release|Any CPU
		{6FF96BA9-557F-48AE-95EB-A56AC57B8B0B}.Debug|Any CPU.ActiveCfg = Debug|Any CPU
		{6FF96BA9-557F-48AE-95EB-A56AC57B8B0B}.Debug|Any CPU.Build.0 = Debug|Any CPU
		{6FF96BA9-557F-48AE-95EB-A56AC57B8B0B}.Release|Any CPU.ActiveCfg = Release|Any CPU
		{6FF96BA9-557F-48AE-95EB-A56AC57B8B0B}.Release|Any CPU.Build.0 = Release|Any CPU
		{5A43D605-A025-40AA-A248-920F9FDB6475}.Debug|Any CPU.ActiveCfg = Debug|Any CPU
		{5A43D605-A025-40AA-A248-920F9FDB6475}.Debug|Any CPU.Build.0 = Debug|Any CPU
		{5A43D605-A025-40AA-A248-920F9FDB6475}.Release|Any CPU.ActiveCfg = Release|Any CPU
		{5A43D605-A025-40AA-A248-920F9FDB6475}.Release|Any CPU.Build.0 = Release|Any CPU
	EndGlobalSection
	GlobalSection(SolutionProperties) = preSolution
		HideSolutionNode = FALSE
	EndGlobalSection
	GlobalSection(ExtensibilityGlobals) = postSolution
		SolutionGuid = {80C70D4D-1057-4833-8C3A-93113E02EBFB}
	EndGlobalSection
EndGlobal
