
Microsoft Visual Studio Solution File, Format Version 12.00
# Visual Studio Version 17
VisualStudioVersion = 17.9.34616.47
MinimumVisualStudioVersion = 10.0.40219.1
Project("{FAE04EC0-301F-11D3-BF4B-00C04F79EFBC}") = "PruebaTecnicaNet.Domain", "PruebaTecnicaNet.Domain\PruebaTecnicaNet.Domain.csproj", "{2AE4B1BA-B07C-4F21-BCD4-79B2522023F4}"
EndProject
Global
	GlobalSection(SolutionConfigurationPlatforms) = preSolution
		Debug|Any CPU = Debug|Any CPU
		Release|Any CPU = Release|Any CPU
	EndGlobalSection
	GlobalSection(ProjectConfigurationPlatforms) = postSolution
		{2AE4B1BA-B07C-4F21-BCD4-79B2522023F4}.Debug|Any CPU.ActiveCfg = Debug|Any CPU
		{2AE4B1BA-B07C-4F21-BCD4-79B2522023F4}.Debug|Any CPU.Build.0 = Debug|Any CPU
		{2AE4B1BA-B07C-4F21-BCD4-79B2522023F4}.Release|Any CPU.ActiveCfg = Release|Any CPU
		{2AE4B1BA-B07C-4F21-BCD4-79B2522023F4}.Release|Any CPU.Build.0 = Release|Any CPU
	EndGlobalSection
	GlobalSection(SolutionProperties) = preSolution
		HideSolutionNode = FALSE
	EndGlobalSection
	GlobalSection(ExtensibilityGlobals) = postSolution
		SolutionGuid = {1C513761-5003-46A0-86AD-B0B05A794EBF}
	EndGlobalSection
EndGlobal
