
Microsoft Visual Studio Solution File, Format Version 12.00
# Visual Studio Version 17
VisualStudioVersion = 17.9.34616.47
MinimumVisualStudioVersion = 10.0.40219.1
Project("{9A19103F-16F7-4668-BE54-9A1E7A4F7556}") = "PruebaTecnicaNet.Domain", "PruebaTecnicaNet.Domain\PruebaTecnicaNet.Domain.csproj", "{2AE4B1BA-B07C-4F21-BCD4-79B2522023F4}"
EndProject
Project("{9A19103F-16F7-4668-BE54-9A1E7A4F7556}") = "PruebaTecnicaNet.Infraestructure", "PruebaTecnicaNet.Infraestructure\PruebaTecnicaNet.Infraestructure.csproj", "{90448A92-6DB6-47E8-825D-DE1C766A2B63}"
	ProjectSection(ProjectDependencies) = postProject
		{2AE4B1BA-B07C-4F21-BCD4-79B2522023F4} = {2AE4B1BA-B07C-4F21-BCD4-79B2522023F4}
	EndProjectSection
EndProject
Project("{9A19103F-16F7-4668-BE54-9A1E7A4F7556}") = "EventBus", "EventBus\EventBus.csproj", "{4BF08E73-BFAE-4CE5-A242-538AD5FAE951}"
EndProject
Project("{9A19103F-16F7-4668-BE54-9A1E7A4F7556}") = "IntegrationEventLogEF", "IntegrationEventLogEF\IntegrationEventLogEF.csproj", "{1FFCD79A-08E3-4E02-915E-483FB8CDF577}"
EndProject
Project("{9A19103F-16F7-4668-BE54-9A1E7A4F7556}") = "SettlementBank.UnitTests", "SettlementBank.UnitTests\SettlementBank.UnitTests.csproj", "{7E4107F8-92D2-4C41-BC3D-BCDA11AA9D1F}"
EndProject
Project("{2150E333-8FDC-42A3-9474-1A3956D46DE8}") = "Elementos de la solución", "Elementos de la solución", "{87262304-F594-4998-BABF-833488A1350D}"
	ProjectSection(SolutionItems) = preProject
		.gitignore = .gitignore
		Shared\ActivityExtensions.cs = Shared\ActivityExtensions.cs
		Shared\MigrateDbContextExtensions.cs = Shared\MigrateDbContextExtensions.cs
		README.md = README.md
	EndProjectSection
EndProject
Project("{9A19103F-16F7-4668-BE54-9A1E7A4F7556}") = "PuebaTecnicaNet.API", "PuebaTecnicaNet.API\PuebaTecnicaNet.API.csproj", "{8B49857E-79BA-4AC0-8298-481B86633C1B}"
EndProject
Project("{9A19103F-16F7-4668-BE54-9A1E7A4F7556}") = "PruebaTecnicaNet.ServiceDefaults", "PruebaTecnicaNet.ServiceDefaults\PruebaTecnicaNet.ServiceDefaults.csproj", "{E7A95E2C-730C-4E3B-8B8F-1F9A11888FDF}"
EndProject
Project("{FAE04EC0-301F-11D3-BF4B-00C04F79EFBC}") = "EventBusRabbitMQ", "EventBusRabbitMQ\EventBusRabbitMQ.csproj", "{58132B95-62A7-41F2-86D4-91D090E78F4E}"
EndProject
Global
	GlobalSection(SolutionConfigurationPlatforms) = preSolution
		Debug|Any CPU = Debug|Any CPU
		Release|Any CPU = Release|Any CPU
	EndGlobalSection
	GlobalSection(ProjectConfigurationPlatforms) = postSolution
		{2AE4B1BA-B07C-4F21-BCD4-79B2522023F4}.Debug|Any CPU.ActiveCfg = Debug|Any CPU
		{2AE4B1BA-B07C-4F21-BCD4-79B2522023F4}.Debug|Any CPU.Build.0 = Debug|Any CPU
		{2AE4B1BA-B07C-4F21-BCD4-79B2522023F4}.Release|Any CPU.ActiveCfg = Release|Any CPU
		{2AE4B1BA-B07C-4F21-BCD4-79B2522023F4}.Release|Any CPU.Build.0 = Release|Any CPU
		{90448A92-6DB6-47E8-825D-DE1C766A2B63}.Debug|Any CPU.ActiveCfg = Debug|Any CPU
		{90448A92-6DB6-47E8-825D-DE1C766A2B63}.Debug|Any CPU.Build.0 = Debug|Any CPU
		{90448A92-6DB6-47E8-825D-DE1C766A2B63}.Release|Any CPU.ActiveCfg = Release|Any CPU
		{90448A92-6DB6-47E8-825D-DE1C766A2B63}.Release|Any CPU.Build.0 = Release|Any CPU
		{4BF08E73-BFAE-4CE5-A242-538AD5FAE951}.Debug|Any CPU.ActiveCfg = Debug|Any CPU
		{4BF08E73-BFAE-4CE5-A242-538AD5FAE951}.Debug|Any CPU.Build.0 = Debug|Any CPU
		{4BF08E73-BFAE-4CE5-A242-538AD5FAE951}.Release|Any CPU.ActiveCfg = Release|Any CPU
		{4BF08E73-BFAE-4CE5-A242-538AD5FAE951}.Release|Any CPU.Build.0 = Release|Any CPU
		{1FFCD79A-08E3-4E02-915E-483FB8CDF577}.Debug|Any CPU.ActiveCfg = Debug|Any CPU
		{1FFCD79A-08E3-4E02-915E-483FB8CDF577}.Debug|Any CPU.Build.0 = Debug|Any CPU
		{1FFCD79A-08E3-4E02-915E-483FB8CDF577}.Release|Any CPU.ActiveCfg = Release|Any CPU
		{1FFCD79A-08E3-4E02-915E-483FB8CDF577}.Release|Any CPU.Build.0 = Release|Any CPU
		{7E4107F8-92D2-4C41-BC3D-BCDA11AA9D1F}.Debug|Any CPU.ActiveCfg = Debug|Any CPU
		{7E4107F8-92D2-4C41-BC3D-BCDA11AA9D1F}.Debug|Any CPU.Build.0 = Debug|Any CPU
		{7E4107F8-92D2-4C41-BC3D-BCDA11AA9D1F}.Release|Any CPU.ActiveCfg = Release|Any CPU
		{7E4107F8-92D2-4C41-BC3D-BCDA11AA9D1F}.Release|Any CPU.Build.0 = Release|Any CPU
		{8B49857E-79BA-4AC0-8298-481B86633C1B}.Debug|Any CPU.ActiveCfg = Debug|Any CPU
		{8B49857E-79BA-4AC0-8298-481B86633C1B}.Debug|Any CPU.Build.0 = Debug|Any CPU
		{8B49857E-79BA-4AC0-8298-481B86633C1B}.Release|Any CPU.ActiveCfg = Release|Any CPU
		{8B49857E-79BA-4AC0-8298-481B86633C1B}.Release|Any CPU.Build.0 = Release|Any CPU
		{E7A95E2C-730C-4E3B-8B8F-1F9A11888FDF}.Debug|Any CPU.ActiveCfg = Debug|Any CPU
		{E7A95E2C-730C-4E3B-8B8F-1F9A11888FDF}.Debug|Any CPU.Build.0 = Debug|Any CPU
		{E7A95E2C-730C-4E3B-8B8F-1F9A11888FDF}.Release|Any CPU.ActiveCfg = Release|Any CPU
		{E7A95E2C-730C-4E3B-8B8F-1F9A11888FDF}.Release|Any CPU.Build.0 = Release|Any CPU
		{58132B95-62A7-41F2-86D4-91D090E78F4E}.Debug|Any CPU.ActiveCfg = Debug|Any CPU
		{58132B95-62A7-41F2-86D4-91D090E78F4E}.Debug|Any CPU.Build.0 = Debug|Any CPU
		{58132B95-62A7-41F2-86D4-91D090E78F4E}.Release|Any CPU.ActiveCfg = Release|Any CPU
		{58132B95-62A7-41F2-86D4-91D090E78F4E}.Release|Any CPU.Build.0 = Release|Any CPU
	EndGlobalSection
	GlobalSection(SolutionProperties) = preSolution
		HideSolutionNode = FALSE
	EndGlobalSection
	GlobalSection(ExtensibilityGlobals) = postSolution
		SolutionGuid = {1C513761-5003-46A0-86AD-B0B05A794EBF}
	EndGlobalSection
EndGlobal
